{
  "name": "nodbstore-fs",
  "version": "0.0.1-beta.0",
  "lockfileVersion": 1,
  "requires": true,
  "dependencies": {
    "nodbstore": {
      "version": "0.0.1-beta.2",
      "resolved": "https://registry.npmjs.org/nodbstore/-/nodbstore-0.0.1-beta.2.tgz",
      "integrity": "sha512-nDF4i2tvchXlztJ4EJx0FqJpqDFJ8bYdLPoeYHAnSoML6VJ/hwbXvGIj6uANYs30Sd4oUNHoyG1qOEI6dlHMOQ=="
    }
  }
}
